
Microsoft Visual Studio Solution File, Format Version 12.00
# Visual Studio Version 17
VisualStudioVersion = 17.7.34031.279
MinimumVisualStudioVersion = 10.0.40219.1
Project("{FAE04EC0-301F-11D3-BF4B-00C04F79EFBC}") = "SwapSpot.Api", "SwapSpot.Api\SwapSpot.Api.csproj", "{D7F474F6-261D-4D21-BD0F-53DD79D049AF}"
EndProject
Global
	GlobalSection(SolutionConfigurationPlatforms) = preSolution
		Debug|Any CPU = Debug|Any CPU
		Release|Any CPU = Release|Any CPU
	EndGlobalSection
	GlobalSection(ProjectConfigurationPlatforms) = postSolution
		{D7F474F6-261D-4D21-BD0F-53DD79D049AF}.Debug|Any CPU.ActiveCfg = Debug|Any CPU
		{D7F474F6-261D-4D21-BD0F-53DD79D049AF}.Debug|Any CPU.Build.0 = Debug|Any CPU
		{D7F474F6-261D-4D21-BD0F-53DD79D049AF}.Release|Any CPU.ActiveCfg = Release|Any CPU
		{D7F474F6-261D-4D21-BD0F-53DD79D049AF}.Release|Any CPU.Build.0 = Release|Any CPU
	EndGlobalSection
	GlobalSection(SolutionProperties) = preSolution
		HideSolutionNode = FALSE
	EndGlobalSection
	GlobalSection(ExtensibilityGlobals) = postSolution
		SolutionGuid = {407934AD-9367-4398-95C5-8FC6216EFECC}
	EndGlobalSection
EndGlobal
